// !$*UTF8*$!
{
	archiveVersion = 1;
	classes = {
	};
	objectVersion = 56;
	objects = {

/* Begin PBXBuildFile section */
		E23606ED2BC6C8D70082415B /* NetworkManager.swift in Sources */ = {isa = PBXBuildFile; fileRef = E23606EC2BC6C8D70082415B /* NetworkManager.swift */; };
		E24059E62BC5D99100884633 /* Follower.swift in Sources */ = {isa = PBXBuildFile; fileRef = E24059E52BC5D99100884633 /* Follower.swift */; };
		E24059E82BC5DA2000884633 /* User.swift in Sources */ = {isa = PBXBuildFile; fileRef = E24059E72BC5DA2000884633 /* User.swift */; };
		E279E9E52BC5608D0098ADAD /* FollowerListVC.swift in Sources */ = {isa = PBXBuildFile; fileRef = E279E9E42BC5608D0098ADAD /* FollowerListVC.swift */; };
		E279E9E72BC5B2FF0098ADAD /* GFTitleLabel.swift in Sources */ = {isa = PBXBuildFile; fileRef = E279E9E62BC5B2FF0098ADAD /* GFTitleLabel.swift */; };
		E279E9E92BC5B42C0098ADAD /* GFBodyLabel.swift in Sources */ = {isa = PBXBuildFile; fileRef = E279E9E82BC5B42C0098ADAD /* GFBodyLabel.swift */; };
		E279E9F02BC5BB500098ADAD /* UIViewController+Extension.swift in Sources */ = {isa = PBXBuildFile; fileRef = E279E9EF2BC5BB500098ADAD /* UIViewController+Extension.swift */; };
		E2CD86682BC4D1EF004AD076 /* GFButton.swift in Sources */ = {isa = PBXBuildFile; fileRef = E2CD86672BC4D1EF004AD076 /* GFButton.swift */; };
		E2CD866A2BC4D2E8004AD076 /* GFTextField.swift in Sources */ = {isa = PBXBuildFile; fileRef = E2CD86692BC4D2E8004AD076 /* GFTextField.swift */; };
		E2DE80892BC4373A00D52B88 /* AppDelegate.swift in Sources */ = {isa = PBXBuildFile; fileRef = E2DE80882BC4373A00D52B88 /* AppDelegate.swift */; };
		E2DE808D2BC4373A00D52B88 /* ViewController.swift in Sources */ = {isa = PBXBuildFile; fileRef = E2DE808C2BC4373A00D52B88 /* ViewController.swift */; };
		E2DE80922BC4373B00D52B88 /* Assets.xcassets in Resources */ = {isa = PBXBuildFile; fileRef = E2DE80912BC4373B00D52B88 /* Assets.xcassets */; };
		E2DE80952BC4373B00D52B88 /* LaunchScreen.storyboard in Resources */ = {isa = PBXBuildFile; fileRef = E2DE80932BC4373B00D52B88 /* LaunchScreen.storyboard */; };
		E2DE809D2BC4398D00D52B88 /* FavoriteListVC.swift in Sources */ = {isa = PBXBuildFile; fileRef = E2DE809C2BC4398C00D52B88 /* FavoriteListVC.swift */; };
		E2DE809F2BC4399700D52B88 /* SearchVC.swift in Sources */ = {isa = PBXBuildFile; fileRef = E2DE809E2BC4399700D52B88 /* SearchVC.swift */; };
/* End PBXBuildFile section */

/* Begin PBXFileReference section */
		E23606EC2BC6C8D70082415B /* NetworkManager.swift */ = {isa = PBXFileReference; lastKnownFileType = sourcecode.swift; path = NetworkManager.swift; sourceTree = "<group>"; };
		E24059E52BC5D99100884633 /* Follower.swift */ = {isa = PBXFileReference; lastKnownFileType = sourcecode.swift; path = Follower.swift; sourceTree = "<group>"; };
		E24059E72BC5DA2000884633 /* User.swift */ = {isa = PBXFileReference; lastKnownFileType = sourcecode.swift; path = User.swift; sourceTree = "<group>"; };
		E279E9E42BC5608D0098ADAD /* FollowerListVC.swift */ = {isa = PBXFileReference; lastKnownFileType = sourcecode.swift; path = FollowerListVC.swift; sourceTree = "<group>"; };
		E279E9E62BC5B2FF0098ADAD /* GFTitleLabel.swift */ = {isa = PBXFileReference; lastKnownFileType = sourcecode.swift; path = GFTitleLabel.swift; sourceTree = "<group>"; };
		E279E9E82BC5B42C0098ADAD /* GFBodyLabel.swift */ = {isa = PBXFileReference; lastKnownFileType = sourcecode.swift; path = GFBodyLabel.swift; sourceTree = "<group>"; };
		E279E9EF2BC5BB500098ADAD /* UIViewController+Extension.swift */ = {isa = PBXFileReference; lastKnownFileType = sourcecode.swift; path = "UIViewController+Extension.swift"; sourceTree = "<group>"; };
		E2CD86672BC4D1EF004AD076 /* GFButton.swift */ = {isa = PBXFileReference; lastKnownFileType = sourcecode.swift; path = GFButton.swift; sourceTree = "<group>"; };
		E2CD86692BC4D2E8004AD076 /* GFTextField.swift */ = {isa = PBXFileReference; lastKnownFileType = sourcecode.swift; path = GFTextField.swift; sourceTree = "<group>"; };
		E2DE80852BC4373A00D52B88 /* FollowersGH.app */ = {isa = PBXFileReference; explicitFileType = wrapper.application; includeInIndex = 0; path = FollowersGH.app; sourceTree = BUILT_PRODUCTS_DIR; };
		E2DE80882BC4373A00D52B88 /* AppDelegate.swift */ = {isa = PBXFileReference; lastKnownFileType = sourcecode.swift; path = AppDelegate.swift; sourceTree = "<group>"; };
		E2DE808C2BC4373A00D52B88 /* ViewController.swift */ = {isa = PBXFileReference; lastKnownFileType = sourcecode.swift; path = ViewController.swift; sourceTree = "<group>"; };
		E2DE80912BC4373B00D52B88 /* Assets.xcassets */ = {isa = PBXFileReference; lastKnownFileType = folder.assetcatalog; path = Assets.xcassets; sourceTree = "<group>"; };
		E2DE80942BC4373B00D52B88 /* Base */ = {isa = PBXFileReference; lastKnownFileType = file.storyboard; name = Base; path = Base.lproj/LaunchScreen.storyboard; sourceTree = "<group>"; };
		E2DE80962BC4373B00D52B88 /* Info.plist */ = {isa = PBXFileReference; lastKnownFileType = text.plist.xml; path = Info.plist; sourceTree = "<group>"; };
		E2DE809C2BC4398C00D52B88 /* FavoriteListVC.swift */ = {isa = PBXFileReference; lastKnownFileType = sourcecode.swift; path = FavoriteListVC.swift; sourceTree = "<group>"; };
		E2DE809E2BC4399700D52B88 /* SearchVC.swift */ = {isa = PBXFileReference; lastKnownFileType = sourcecode.swift; path = SearchVC.swift; sourceTree = "<group>"; };
/* End PBXFileReference section */

/* Begin PBXFrameworksBuildPhase section */
		E2DE80822BC4373A00D52B88 /* Frameworks */ = {
			isa = PBXFrameworksBuildPhase;
			buildActionMask = 2147483647;
			files = (
			);
			runOnlyForDeploymentPostprocessing = 0;
		};
/* End PBXFrameworksBuildPhase section */

/* Begin PBXGroup section */
		E23606EB2BC6C8B30082415B /* Managers */ = {
			isa = PBXGroup;
			children = (
				E23606EC2BC6C8D70082415B /* NetworkManager.swift */,
			);
			path = Managers;
			sourceTree = "<group>";
		};
		E24059E22BC5D97800884633 /* Models */ = {
			isa = PBXGroup;
			children = (
				E24059E52BC5D99100884633 /* Follower.swift */,
				E24059E72BC5DA2000884633 /* User.swift */,
			);
			path = Models;
			sourceTree = "<group>";
		};
		E279E9EA2BC5BA550098ADAD /* Extension */ = {
			isa = PBXGroup;
			children = (
				E279E9EF2BC5BB500098ADAD /* UIViewController+Extension.swift */,
			);
			path = Extension;
			sourceTree = "<group>";
		};
		E279E9EB2BC5BA5E0098ADAD /* CustomViews */ = {
			isa = PBXGroup;
			children = (
				E2CD86672BC4D1EF004AD076 /* GFButton.swift */,
				E2CD86692BC4D2E8004AD076 /* GFTextField.swift */,
				E279E9E62BC5B2FF0098ADAD /* GFTitleLabel.swift */,
				E279E9E82BC5B42C0098ADAD /* GFBodyLabel.swift */,
			);
			path = CustomViews;
			sourceTree = "<group>";
		};
		E279E9EC2BC5BA6D0098ADAD /* Screens */ = {
			isa = PBXGroup;
			children = (
				E279E9E42BC5608D0098ADAD /* FollowerListVC.swift */,
				E2DE808C2BC4373A00D52B88 /* ViewController.swift */,
				E2DE809C2BC4398C00D52B88 /* FavoriteListVC.swift */,
				E2DE809E2BC4399700D52B88 /* SearchVC.swift */,
			);
			path = Screens;
			sourceTree = "<group>";
		};
		E279E9ED2BC5BA7F0098ADAD /* Support */ = {
			isa = PBXGroup;
			children = (
				E2DE80932BC4373B00D52B88 /* LaunchScreen.storyboard */,
				E2DE80912BC4373B00D52B88 /* Assets.xcassets */,
			);
			path = Support;
			sourceTree = "<group>";
		};
		E279E9EE2BC5BAA10098ADAD /* Application */ = {
			isa = PBXGroup;
			children = (
				E2DE80882BC4373A00D52B88 /* AppDelegate.swift */,
			);
			path = Application;
			sourceTree = "<group>";
		};
		E2DE807C2BC4373A00D52B88 = {
			isa = PBXGroup;
			children = (
				E2DE80872BC4373A00D52B88 /* FollowersGH */,
				E2DE80862BC4373A00D52B88 /* Products */,
			);
			sourceTree = "<group>";
		};
		E2DE80862BC4373A00D52B88 /* Products */ = {
			isa = PBXGroup;
			children = (
				E2DE80852BC4373A00D52B88 /* FollowersGH.app */,
			);
			name = Products;
			sourceTree = "<group>";
		};
		E2DE80872BC4373A00D52B88 /* FollowersGH */ = {
			isa = PBXGroup;
			children = (
				E23606EB2BC6C8B30082415B /* Managers */,
				E24059E22BC5D97800884633 /* Models */,
				E279E9EE2BC5BAA10098ADAD /* Application */,
				E279E9EB2BC5BA5E0098ADAD /* CustomViews */,
				E279E9EA2BC5BA550098ADAD /* Extension */,
				E279E9EC2BC5BA6D0098ADAD /* Screens */,
				E279E9ED2BC5BA7F0098ADAD /* Support */,
				E2DE80962BC4373B00D52B88 /* Info.plist */,
			);
			path = FollowersGH;
			sourceTree = "<group>";
		};
/* End PBXGroup section */

/* Begin PBXNativeTarget section */
		E2DE80842BC4373A00D52B88 /* FollowersGH */ = {
			isa = PBXNativeTarget;
			buildConfigurationList = E2DE80992BC4373B00D52B88 /* Build configuration list for PBXNativeTarget "FollowersGH" */;
			buildPhases = (
				E2DE80812BC4373A00D52B88 /* Sources */,
				E2DE80822BC4373A00D52B88 /* Frameworks */,
				E2DE80832BC4373A00D52B88 /* Resources */,
			);
			buildRules = (
			);
			dependencies = (
			);
			name = FollowersGH;
			productName = FollowersGH;
			productReference = E2DE80852BC4373A00D52B88 /* FollowersGH.app */;
			productType = "com.apple.product-type.application";
		};
/* End PBXNativeTarget section */

/* Begin PBXProject section */
		E2DE807D2BC4373A00D52B88 /* Project object */ = {
			isa = PBXProject;
			attributes = {
				BuildIndependentTargetsInParallel = 1;
				LastSwiftUpdateCheck = 1500;
				LastUpgradeCheck = 1500;
				TargetAttributes = {
					E2DE80842BC4373A00D52B88 = {
						CreatedOnToolsVersion = 15.0.1;
					};
				};
			};
			buildConfigurationList = E2DE80802BC4373A00D52B88 /* Build configuration list for PBXProject "FollowersGH" */;
			compatibilityVersion = "Xcode 14.0";
			developmentRegion = en;
			hasScannedForEncodings = 0;
			knownRegions = (
				en,
				Base,
			);
			mainGroup = E2DE807C2BC4373A00D52B88;
			productRefGroup = E2DE80862BC4373A00D52B88 /* Products */;
			projectDirPath = "";
			projectRoot = "";
			targets = (
				E2DE80842BC4373A00D52B88 /* FollowersGH */,
			);
		};
/* End PBXProject section */

/* Begin PBXResourcesBuildPhase section */
		E2DE80832BC4373A00D52B88 /* Resources */ = {
			isa = PBXResourcesBuildPhase;
			buildActionMask = 2147483647;
			files = (
				E2DE80952BC4373B00D52B88 /* LaunchScreen.storyboard in Resources */,
				E2DE80922BC4373B00D52B88 /* Assets.xcassets in Resources */,
			);
			runOnlyForDeploymentPostprocessing = 0;
		};
/* End PBXResourcesBuildPhase section */

/* Begin PBXSourcesBuildPhase section */
		E2DE80812BC4373A00D52B88 /* Sources */ = {
			isa = PBXSourcesBuildPhase;
			buildActionMask = 2147483647;
			files = (
				E2CD866A2BC4D2E8004AD076 /* GFTextField.swift in Sources */,
				E2DE809F2BC4399700D52B88 /* SearchVC.swift in Sources */,
				E2CD86682BC4D1EF004AD076 /* GFButton.swift in Sources */,
				E23606ED2BC6C8D70082415B /* NetworkManager.swift in Sources */,
				E2DE808D2BC4373A00D52B88 /* ViewController.swift in Sources */,
				E279E9E92BC5B42C0098ADAD /* GFBodyLabel.swift in Sources */,
				E279E9E72BC5B2FF0098ADAD /* GFTitleLabel.swift in Sources */,
				E279E9E52BC5608D0098ADAD /* FollowerListVC.swift in Sources */,
				E2DE809D2BC4398D00D52B88 /* FavoriteListVC.swift in Sources */,
				E24059E82BC5DA2000884633 /* User.swift in Sources */,
				E24059E62BC5D99100884633 /* Follower.swift in Sources */,
				E279E9F02BC5BB500098ADAD /* UIViewController+Extension.swift in Sources */,
				E2DE80892BC4373A00D52B88 /* AppDelegate.swift in Sources */,
			);
			runOnlyForDeploymentPostprocessing = 0;
		};
/* End PBXSourcesBuildPhase section */

/* Begin PBXVariantGroup section */
		E2DE80932BC4373B00D52B88 /* LaunchScreen.storyboard */ = {
			isa = PBXVariantGroup;
			children = (
				E2DE80942BC4373B00D52B88 /* Base */,
			);
			name = LaunchScreen.storyboard;
			sourceTree = "<group>";
		};
/* End PBXVariantGroup section */

/* Begin XCBuildConfiguration section */
		E2DE80972BC4373B00D52B88 /* Debug */ = {
			isa = XCBuildConfiguration;
			buildSettings = {
				ALWAYS_SEARCH_USER_PATHS = NO;
				ASSETCATALOG_COMPILER_GENERATE_SWIFT_ASSET_SYMBOL_EXTENSIONS = YES;
				CLANG_ANALYZER_NONNULL = YES;
				CLANG_ANALYZER_NUMBER_OBJECT_CONVERSION = YES_AGGRESSIVE;
				CLANG_CXX_LANGUAGE_STANDARD = "gnu++20";
				CLANG_ENABLE_MODULES = YES;
				CLANG_ENABLE_OBJC_ARC = YES;
				CLANG_ENABLE_OBJC_WEAK = YES;
				CLANG_WARN_BLOCK_CAPTURE_AUTORELEASING = YES;
				CLANG_WARN_BOOL_CONVERSION = YES;
				CLANG_WARN_COMMA = YES;
				CLANG_WARN_CONSTANT_CONVERSION = YES;
				CLANG_WARN_DEPRECATED_OBJC_IMPLEMENTATIONS = YES;
				CLANG_WARN_DIRECT_OBJC_ISA_USAGE = YES_ERROR;
				CLANG_WARN_DOCUMENTATION_COMMENTS = YES;
				CLANG_WARN_EMPTY_BODY = YES;
				CLANG_WARN_ENUM_CONVERSION = YES;
				CLANG_WARN_INFINITE_RECURSION = YES;
				CLANG_WARN_INT_CONVERSION = YES;
				CLANG_WARN_NON_LITERAL_NULL_CONVERSION = YES;
				CLANG_WARN_OBJC_IMPLICIT_RETAIN_SELF = YES;
				CLANG_WARN_OBJC_LITERAL_CONVERSION = YES;
				CLANG_WARN_OBJC_ROOT_CLASS = YES_ERROR;
				CLANG_WARN_QUOTED_INCLUDE_IN_FRAMEWORK_HEADER = YES;
				CLANG_WARN_RANGE_LOOP_ANALYSIS = YES;
				CLANG_WARN_STRICT_PROTOTYPES = YES;
				CLANG_WARN_SUSPICIOUS_MOVE = YES;
				CLANG_WARN_UNGUARDED_AVAILABILITY = YES_AGGRESSIVE;
				CLANG_WARN_UNREACHABLE_CODE = YES;
				CLANG_WARN__DUPLICATE_METHOD_MATCH = YES;
				COPY_PHASE_STRIP = NO;
				DEBUG_INFORMATION_FORMAT = dwarf;
				ENABLE_STRICT_OBJC_MSGSEND = YES;
				ENABLE_TESTABILITY = YES;
				ENABLE_USER_SCRIPT_SANDBOXING = YES;
				GCC_C_LANGUAGE_STANDARD = gnu17;
				GCC_DYNAMIC_NO_PIC = NO;
				GCC_NO_COMMON_BLOCKS = YES;
				GCC_OPTIMIZATION_LEVEL = 0;
				GCC_PREPROCESSOR_DEFINITIONS = (
					"DEBUG=1",
					"$(inherited)",
				);
				GCC_WARN_64_TO_32_BIT_CONVERSION = YES;
				GCC_WARN_ABOUT_RETURN_TYPE = YES_ERROR;
				GCC_WARN_UNDECLARED_SELECTOR = YES;
				GCC_WARN_UNINITIALIZED_AUTOS = YES_AGGRESSIVE;
				GCC_WARN_UNUSED_FUNCTION = YES;
				GCC_WARN_UNUSED_VARIABLE = YES;
				IPHONEOS_DEPLOYMENT_TARGET = 17.0;
				LOCALIZATION_PREFERS_STRING_CATALOGS = YES;
				MTL_ENABLE_DEBUG_INFO = INCLUDE_SOURCE;
				MTL_FAST_MATH = YES;
				ONLY_ACTIVE_ARCH = YES;
				SDKROOT = iphoneos;
				SWIFT_ACTIVE_COMPILATION_CONDITIONS = "DEBUG $(inherited)";
				SWIFT_OPTIMIZATION_LEVEL = "-Onone";
			};
			name = Debug;
		};
		E2DE80982BC4373B00D52B88 /* Release */ = {
			isa = XCBuildConfiguration;
			buildSettings = {
				ALWAYS_SEARCH_USER_PATHS = NO;
				ASSETCATALOG_COMPILER_GENERATE_SWIFT_ASSET_SYMBOL_EXTENSIONS = YES;
				CLANG_ANALYZER_NONNULL = YES;
				CLANG_ANALYZER_NUMBER_OBJECT_CONVERSION = YES_AGGRESSIVE;
				CLANG_CXX_LANGUAGE_STANDARD = "gnu++20";
				CLANG_ENABLE_MODULES = YES;
				CLANG_ENABLE_OBJC_ARC = YES;
				CLANG_ENABLE_OBJC_WEAK = YES;
				CLANG_WARN_BLOCK_CAPTURE_AUTORELEASING = YES;
				CLANG_WARN_BOOL_CONVERSION = YES;
				CLANG_WARN_COMMA = YES;
				CLANG_WARN_CONSTANT_CONVERSION = YES;
				CLANG_WARN_DEPRECATED_OBJC_IMPLEMENTATIONS = YES;
				CLANG_WARN_DIRECT_OBJC_ISA_USAGE = YES_ERROR;
				CLANG_WARN_DOCUMENTATION_COMMENTS = YES;
				CLANG_WARN_EMPTY_BODY = YES;
				CLANG_WARN_ENUM_CONVERSION = YES;
				CLANG_WARN_INFINITE_RECURSION = YES;
				CLANG_WARN_INT_CONVERSION = YES;
				CLANG_WARN_NON_LITERAL_NULL_CONVERSION = YES;
				CLANG_WARN_OBJC_IMPLICIT_RETAIN_SELF = YES;
				CLANG_WARN_OBJC_LITERAL_CONVERSION = YES;
				CLANG_WARN_OBJC_ROOT_CLASS = YES_ERROR;
				CLANG_WARN_QUOTED_INCLUDE_IN_FRAMEWORK_HEADER = YES;
				CLANG_WARN_RANGE_LOOP_ANALYSIS = YES;
				CLANG_WARN_STRICT_PROTOTYPES = YES;
				CLANG_WARN_SUSPICIOUS_MOVE = YES;
				CLANG_WARN_UNGUARDED_AVAILABILITY = YES_AGGRESSIVE;
				CLANG_WARN_UNREACHABLE_CODE = YES;
				CLANG_WARN__DUPLICATE_METHOD_MATCH = YES;
				COPY_PHASE_STRIP = NO;
				DEBUG_INFORMATION_FORMAT = "dwarf-with-dsym";
				ENABLE_NS_ASSERTIONS = NO;
				ENABLE_STRICT_OBJC_MSGSEND = YES;
				ENABLE_USER_SCRIPT_SANDBOXING = YES;
				GCC_C_LANGUAGE_STANDARD = gnu17;
				GCC_NO_COMMON_BLOCKS = YES;
				GCC_WARN_64_TO_32_BIT_CONVERSION = YES;
				GCC_WARN_ABOUT_RETURN_TYPE = YES_ERROR;
				GCC_WARN_UNDECLARED_SELECTOR = YES;
				GCC_WARN_UNINITIALIZED_AUTOS = YES_AGGRESSIVE;
				GCC_WARN_UNUSED_FUNCTION = YES;
				GCC_WARN_UNUSED_VARIABLE = YES;
				IPHONEOS_DEPLOYMENT_TARGET = 17.0;
				LOCALIZATION_PREFERS_STRING_CATALOGS = YES;
				MTL_ENABLE_DEBUG_INFO = NO;
				MTL_FAST_MATH = YES;
				SDKROOT = iphoneos;
				SWIFT_COMPILATION_MODE = wholemodule;
				VALIDATE_PRODUCT = YES;
			};
			name = Release;
		};
		E2DE809A2BC4373B00D52B88 /* Debug */ = {
			isa = XCBuildConfiguration;
			buildSettings = {
				ASSETCATALOG_COMPILER_APPICON_NAME = AppIcon;
				ASSETCATALOG_COMPILER_GLOBAL_ACCENT_COLOR_NAME = AccentColor;
				CODE_SIGN_STYLE = Automatic;
				CURRENT_PROJECT_VERSION = 1;
				DEVELOPMENT_TEAM = 7VCG3Q5X7H;
				GENERATE_INFOPLIST_FILE = YES;
				INFOPLIST_FILE = FollowersGH/Info.plist;
				INFOPLIST_KEY_UIApplicationSupportsIndirectInputEvents = YES;
				INFOPLIST_KEY_UILaunchStoryboardName = LaunchScreen;
				INFOPLIST_KEY_UIMainStoryboardFile = "";
				INFOPLIST_KEY_UISupportedInterfaceOrientations = UIInterfaceOrientationPortrait;
				INFOPLIST_KEY_UISupportedInterfaceOrientations_iPad = "UIInterfaceOrientationLandscapeLeft UIInterfaceOrientationLandscapeRight UIInterfaceOrientationPortrait UIInterfaceOrientationPortraitUpsideDown";
				IPHONEOS_DEPLOYMENT_TARGET = 13.6;
				LD_RUNPATH_SEARCH_PATHS = (
					"$(inherited)",
					"@executable_path/Frameworks",
				);
				MARKETING_VERSION = 1.0;
				PRODUCT_BUNDLE_IDENTIFIER = jadie.FollowersGH;
				PRODUCT_NAME = "$(TARGET_NAME)";
				SUPPORTED_PLATFORMS = "iphoneos iphonesimulator";
				SUPPORTS_MACCATALYST = NO;
				SUPPORTS_MAC_DESIGNED_FOR_IPHONE_IPAD = NO;
				SWIFT_EMIT_LOC_STRINGS = YES;
				SWIFT_VERSION = 5.0;
				TARGETED_DEVICE_FAMILY = 1;
			};
			name = Debug;
		};
		E2DE809B2BC4373B00D52B88 /* Release */ = {
			isa = XCBuildConfiguration;
			buildSettings = {
				ASSETCATALOG_COMPILER_APPICON_NAME = AppIcon;
				ASSETCATALOG_COMPILER_GLOBAL_ACCENT_COLOR_NAME = AccentColor;
				CODE_SIGN_STYLE = Automatic;
				CURRENT_PROJECT_VERSION = 1;
				DEVELOPMENT_TEAM = 7VCG3Q5X7H;
				GENERATE_INFOPLIST_FILE = YES;
				INFOPLIST_FILE = FollowersGH/Info.plist;
				INFOPLIST_KEY_UIApplicationSupportsIndirectInputEvents = YES;
				INFOPLIST_KEY_UILaunchStoryboardName = LaunchScreen;
				INFOPLIST_KEY_UIMainStoryboardFile = "";
				INFOPLIST_KEY_UISupportedInterfaceOrientations = UIInterfaceOrientationPortrait;
				INFOPLIST_KEY_UISupportedInterfaceOrientations_iPad = "UIInterfaceOrientationLandscapeLeft UIInterfaceOrientationLandscapeRight UIInterfaceOrientationPortrait UIInterfaceOrientationPortraitUpsideDown";
				IPHONEOS_DEPLOYMENT_TARGET = 13.6;
				LD_RUNPATH_SEARCH_PATHS = (
					"$(inherited)",
					"@executable_path/Frameworks",
				);
				MARKETING_VERSION = 1.0;
				PRODUCT_BUNDLE_IDENTIFIER = jadie.FollowersGH;
				PRODUCT_NAME = "$(TARGET_NAME)";
				SUPPORTED_PLATFORMS = "iphoneos iphonesimulator";
				SUPPORTS_MACCATALYST = NO;
				SUPPORTS_MAC_DESIGNED_FOR_IPHONE_IPAD = NO;
				SWIFT_EMIT_LOC_STRINGS = YES;
				SWIFT_VERSION = 5.0;
				TARGETED_DEVICE_FAMILY = 1;
			};
			name = Release;
		};
/* End XCBuildConfiguration section */

/* Begin XCConfigurationList section */
		E2DE80802BC4373A00D52B88 /* Build configuration list for PBXProject "FollowersGH" */ = {
			isa = XCConfigurationList;
			buildConfigurations = (
				E2DE80972BC4373B00D52B88 /* Debug */,
				E2DE80982BC4373B00D52B88 /* Release */,
			);
			defaultConfigurationIsVisible = 0;
			defaultConfigurationName = Release;
		};
		E2DE80992BC4373B00D52B88 /* Build configuration list for PBXNativeTarget "FollowersGH" */ = {
			isa = XCConfigurationList;
			buildConfigurations = (
				E2DE809A2BC4373B00D52B88 /* Debug */,
				E2DE809B2BC4373B00D52B88 /* Release */,
			);
			defaultConfigurationIsVisible = 0;
			defaultConfigurationName = Release;
		};
/* End XCConfigurationList section */
	};
	rootObject = E2DE807D2BC4373A00D52B88 /* Project object */;
}
